
Microsoft Visual Studio Solution File, Format Version 12.00
# Visual Studio Version 16
VisualStudioVersion = 16.0.30011.22
MinimumVisualStudioVersion = 10.0.40219.1
Project("{FAE04EC0-301F-11D3-BF4B-00C04F79EFBC}") = "Colour", "Colour\Colour.csproj", "{5866407D-47D4-4B57-B436-820D28D8168A}"
EndProject
Global
	GlobalSection(SolutionConfigurationPlatforms) = preSolution
		Debug|Any CPU = Debug|Any CPU
		Release|Any CPU = Release|Any CPU
	EndGlobalSection
	GlobalSection(ProjectConfigurationPlatforms) = postSolution
		{5866407D-47D4-4B57-B436-820D28D8168A}.Debug|Any CPU.ActiveCfg = Debug|Any CPU
		{5866407D-47D4-4B57-B436-820D28D8168A}.Debug|Any CPU.Build.0 = Debug|Any CPU
		{5866407D-47D4-4B57-B436-820D28D8168A}.Release|Any CPU.ActiveCfg = Release|Any CPU
		{5866407D-47D4-4B57-B436-820D28D8168A}.Release|Any CPU.Build.0 = Release|Any CPU
	EndGlobalSection
	GlobalSection(SolutionProperties) = preSolution
		HideSolutionNode = FALSE
	EndGlobalSection
	GlobalSection(ExtensibilityGlobals) = postSolution
		SolutionGuid = {ADF58489-989D-424B-96B4-82C25D1E06C9}
	EndGlobalSection
EndGlobal
